lockfileVersion: 5.4

specifiers:
  '@fortawesome/fontawesome-svg-core': ^6.4.0
  '@fortawesome/pro-solid-svg-icons': ^6.4.0
  shelljs: 0.3.0

dependencies:
  '@fortawesome/fontawesome-svg-core': 6.4.0
  '@fortawesome/pro-solid-svg-icons': 6.4.0
  shelljs: 0.3.0

packages:

  /@fortawesome/fontawesome-common-types/6.4.0:
    resolution: {integrity: sha512-HNii132xfomg5QVZw0HwXXpN22s7VBHQBv9CeOu9tfJnhsWQNd2lmTNi8CSrnw5B+5YOmzu1UoPAyxaXsJ6RgQ==, tarball: '@fortawesome/fontawesome-common-types/-/6.4.0/fontawesome-common-types-6.4.0.tgz'}
    engines: {node: '>=6'}
    requiresBuild: true
    dev: false

  /@fortawesome/fontawesome-svg-core/6.4.0:
    resolution: {integrity: sha512-Bertv8xOiVELz5raB2FlXDPKt+m94MQ3JgDfsVbrqNpLU9+UE2E18GKjLKw+d3XbeYPqg1pzyQKGsrzbw+pPaw==, tarball: '@fortawesome/fontawesome-svg-core/-/6.4.0/fontawesome-svg-core-6.4.0.tgz'}
    engines: {node: '>=6'}
    requiresBuild: true
    dependencies:
      '@fortawesome/fontawesome-common-types': 6.4.0
    dev: false

  /@fortawesome/pro-solid-svg-icons/6.4.0:
    resolution: {integrity: sha512-R54gxoqHAZdlSCmE7JYpQKT64Jgw59nQIyabT6oh3jsb70O4A3ea+ojVBCKsvoW4UhYe1IOXS1o4PqDEW8Y7Tg==, tarball: '@fortawesome/pro-solid-svg-icons/-/6.4.0/pro-solid-svg-icons-6.4.0.tgz'}
    engines: {node: '>=6'}
    requiresBuild: true
    dependencies:
      '@fortawesome/fontawesome-common-types': 6.4.0
    dev: false

  /shelljs/0.3.0:
    resolution: {integrity: sha512-Ny0KN4dyT8ZSCE0frtcbAJGoM/HTArpyPkeli1/00aYfm0sbD/Gk/4x7N2DP9QKGpBsiQH7n6rpm1L79RtviEQ==}
    engines: {node: '>=0.8.0'}
    hasBin: true
    dev: false
